// !$*UTF8*$!
{
	archiveVersion = 1;
	classes = {
	};
	objectVersion = 55;
	objects = {

/* Begin PBXBuildFile section */
		6F92649A2D9747BB00539893 /* AppDelegate.swift in Sources */ = {isa = PBXBuildFile; fileRef = 6F9264992D9747BB00539893 /* AppDelegate.swift */; };
		6F92649C2D9747BB00539893 /* SceneDelegate.swift in Sources */ = {isa = PBXBuildFile; fileRef = 6F92649B2D9747BB00539893 /* SceneDelegate.swift */; };
		6F92649E2D9747BB00539893 /* ViewController.swift in Sources */ = {isa = PBXBuildFile; fileRef = 6F92649D2D9747BB00539893 /* ViewController.swift */; };
		6F9264A12D9747BB00539893 /* Main.storyboard in Resources */ = {isa = PBXBuildFile; fileRef = 6F92649F2D9747BB00539893 /* Main.storyboard */; };
		6F9264A42D9747BB00539893 /* CircleiOS.xcdatamodeld in Sources */ = {isa = PBXBuildFile; fileRef = 6F9264A22D9747BB00539893 /* CircleiOS.xcdatamodeld */; };
		6F9264A62D9747C200539893 /* Assets.xcassets in Resources */ = {isa = PBXBuildFile; fileRef = 6F9264A52D9747C200539893 /* Assets.xcassets */; };
		6F9264A92D9747C200539893 /* LaunchScreen.storyboard in Resources */ = {isa = PBXBuildFile; fileRef = 6F9264A72D9747C200539893 /* LaunchScreen.storyboard */; };
		6F9264B42D9747C300539893 /* CircleiOSTests.swift in Sources */ = {isa = PBXBuildFile; fileRef = 6F9264B32D9747C300539893 /* CircleiOSTests.swift */; };
		6F9264BE2D9747C300539893 /* CircleiOSUITests.swift in Sources */ = {isa = PBXBuildFile; fileRef = 6F9264BD2D9747C300539893 /* CircleiOSUITests.swift */; };
		6F9264C02D9747C300539893 /* CircleiOSUITestsLaunchTests.swift in Sources */ = {isa = PBXBuildFile; fileRef = 6F9264BF2D9747C300539893 /* CircleiOSUITestsLaunchTests.swift */; };
/* End PBXBuildFile section */

/* Begin PBXContainerItemProxy section */
		6F9264B02D9747C300539893 /* PBXContainerItemProxy */ = {
			isa = PBXContainerItemProxy;
			containerPortal = 6F92648E2D9747BB00539893 /* Project object */;
			proxyType = 1;
			remoteGlobalIDString = 6F9264952D9747BB00539893;
			remoteInfo = CircleiOS;
		};
		6F9264BA2D9747C300539893 /* PBXContainerItemProxy */ = {
			isa = PBXContainerItemProxy;
			containerPortal = 6F92648E2D9747BB00539893 /* Project object */;
			proxyType = 1;
			remoteGlobalIDString = 6F9264952D9747BB00539893;
			remoteInfo = CircleiOS;
		};
/* End PBXContainerItemProxy section */

/* Begin PBXFileReference section */
		6F9264962D9747BB00539893 /* CircleiOS.app */ = {isa = PBXFileReference; explicitFileType = wrapper.application; includeInIndex = 0; path = CircleiOS.app; sourceTree = BUILT_PRODUCTS_DIR; };
		6F9264992D9747BB00539893 /* AppDelegate.swift */ = {isa = PBXFileReference; lastKnownFileType = sourcecode.swift; path = AppDelegate.swift; sourceTree = "<group>"; };
		6F92649B2D9747BB00539893 /* SceneDelegate.swift */ = {isa = PBXFileReference; lastKnownFileType = sourcecode.swift; path = SceneDelegate.swift; sourceTree = "<group>"; };
		6F92649D2D9747BB00539893 /* ViewController.swift */ = {isa = PBXFileReference; lastKnownFileType = sourcecode.swift; path = ViewController.swift; sourceTree = "<group>"; };
		6F9264A02D9747BB00539893 /* Base */ = {isa = PBXFileReference; lastKnownFileType = file.storyboard; name = Base; path = Base.lproj/Main.storyboard; sourceTree = "<group>"; };
		6F9264A32D9747BB00539893 /* CircleiOS.xcdatamodel */ = {isa = PBXFileReference; lastKnownFileType = wrapper.xcdatamodel; path = CircleiOS.xcdatamodel; sourceTree = "<group>"; };
		6F9264A52D9747C200539893 /* Assets.xcassets */ = {isa = PBXFileReference; lastKnownFileType = folder.assetcatalog; path = Assets.xcassets; sourceTree = "<group>"; };
		6F9264A82D9747C200539893 /* Base */ = {isa = PBXFileReference; lastKnownFileType = file.storyboard; name = Base; path = Base.lproj/LaunchScreen.storyboard; sourceTree = "<group>"; };
		6F9264AA2D9747C200539893 /* Info.plist */ = {isa = PBXFileReference; lastKnownFileType = text.plist.xml; path = Info.plist; sourceTree = "<group>"; };
		6F9264AF2D9747C300539893 /* CircleiOSTests.xctest */ = {isa = PBXFileReference; explicitFileType = wrapper.cfbundle; includeInIndex = 0; path = CircleiOSTests.xctest; sourceTree = BUILT_PRODUCTS_DIR; };
		6F9264B32D9747C300539893 /* CircleiOSTests.swift */ = {isa = PBXFileReference; lastKnownFileType = sourcecode.swift; path = CircleiOSTests.swift; sourceTree = "<group>"; };
		6F9264B92D9747C300539893 /* CircleiOSUITests.xctest */ = {isa = PBXFileReference; explicitFileType = wrapper.cfbundle; includeInIndex = 0; path = CircleiOSUITests.xctest; sourceTree = BUILT_PRODUCTS_DIR; };
		6F9264BD2D9747C300539893 /* CircleiOSUITests.swift */ = {isa = PBXFileReference; lastKnownFileType = sourcecode.swift; path = CircleiOSUITests.swift; sourceTree = "<group>"; };
		6F9264BF2D9747C300539893 /* CircleiOSUITestsLaunchTests.swift */ = {isa = PBXFileReference; lastKnownFileType = sourcecode.swift; path = CircleiOSUITestsLaunchTests.swift; sourceTree = "<group>"; };
/* End PBXFileReference section */

/* Begin PBXFrameworksBuildPhase section */
		6F9264932D9747BB00539893 /* Frameworks */ = {
			isa = PBXFrameworksBuildPhase;
			buildActionMask = 2147483647;
			files = (
			);
			runOnlyForDeploymentPostprocessing = 0;
		};
		6F9264AC2D9747C300539893 /* Frameworks */ = {
			isa = PBXFrameworksBuildPhase;
			buildActionMask = 2147483647;
			files = (
			);
			runOnlyForDeploymentPostprocessing = 0;
		};
		6F9264B62D9747C300539893 /* Frameworks */ = {
			isa = PBXFrameworksBuildPhase;
			buildActionMask = 2147483647;
			files = (
			);
			runOnlyForDeploymentPostprocessing = 0;
		};
/* End PBXFrameworksBuildPhase section */

/* Begin PBXGroup section */
		6F92648D2D9747BB00539893 = {
			isa = PBXGroup;
			children = (
				6F9264982D9747BB00539893 /* CircleiOS */,
				6F9264B22D9747C300539893 /* CircleiOSTests */,
				6F9264BC2D9747C300539893 /* CircleiOSUITests */,
				6F9264972D9747BB00539893 /* Products */,
			);
			sourceTree = "<group>";
		};
		6F9264972D9747BB00539893 /* Products */ = {
			isa = PBXGroup;
			children = (
				6F9264962D9747BB00539893 /* CircleiOS.app */,
				6F9264AF2D9747C300539893 /* CircleiOSTests.xctest */,
				6F9264B92D9747C300539893 /* CircleiOSUITests.xctest */,
			);
			name = Products;
			sourceTree = "<group>";
		};
		6F9264982D9747BB00539893 /* CircleiOS */ = {
			isa = PBXGroup;
			children = (
				6F9264992D9747BB00539893 /* AppDelegate.swift */,
				6F92649B2D9747BB00539893 /* SceneDelegate.swift */,
				6F92649D2D9747BB00539893 /* ViewController.swift */,
				6F92649F2D9747BB00539893 /* Main.storyboard */,
				6F9264A52D9747C200539893 /* Assets.xcassets */,
				6F9264A72D9747C200539893 /* LaunchScreen.storyboard */,
				6F9264AA2D9747C200539893 /* Info.plist */,
				6F9264A22D9747BB00539893 /* CircleiOS.xcdatamodeld */,
			);
			path = CircleiOS;
			sourceTree = "<group>";
		};
		6F9264B22D9747C300539893 /* CircleiOSTests */ = {
			isa = PBXGroup;
			children = (
				6F9264B32D9747C300539893 /* CircleiOSTests.swift */,
			);
			path = CircleiOSTests;
			sourceTree = "<group>";
		};
		6F9264BC2D9747C300539893 /* CircleiOSUITests */ = {
			isa = PBXGroup;
			children = (
				6F9264BD2D9747C300539893 /* CircleiOSUITests.swift */,
				6F9264BF2D9747C300539893 /* CircleiOSUITestsLaunchTests.swift */,
			);
			path = CircleiOSUITests;
			sourceTree = "<group>";
		};
/* End PBXGroup section */

/* Begin PBXNativeTarget section */
		6F9264952D9747BB00539893 /* CircleiOS */ = {
			isa = PBXNativeTarget;
			buildConfigurationList = 6F9264C32D9747C300539893 /* Build configuration list for PBXNativeTarget "CircleiOS" */;
			buildPhases = (
				6F9264922D9747BB00539893 /* Sources */,
				6F9264932D9747BB00539893 /* Frameworks */,
				6F9264942D9747BB00539893 /* Resources */,
			);
			buildRules = (
			);
			dependencies = (
			);
			name = CircleiOS;
			productName = CircleiOS;
			productReference = 6F9264962D9747BB00539893 /* CircleiOS.app */;
			productType = "com.apple.product-type.application";
		};
		6F9264AE2D9747C300539893 /* CircleiOSTests */ = {
			isa = PBXNativeTarget;
			buildConfigurationList = 6F9264C62D9747C300539893 /* Build configuration list for PBXNativeTarget "CircleiOSTests" */;
			buildPhases = (
				6F9264AB2D9747C300539893 /* Sources */,
				6F9264AC2D9747C300539893 /* Frameworks */,
				6F9264AD2D9747C300539893 /* Resources */,
			);
			buildRules = (
			);
			dependencies = (
				6F9264B12D9747C300539893 /* PBXTargetDependency */,
			);
			name = CircleiOSTests;
			productName = CircleiOSTests;
			productReference = 6F9264AF2D9747C300539893 /* CircleiOSTests.xctest */;
			productType = "com.apple.product-type.bundle.unit-test";
		};
		6F9264B82D9747C300539893 /* CircleiOSUITests */ = {
			isa = PBXNativeTarget;
			buildConfigurationList = 6F9264C92D9747C300539893 /* Build configuration list for PBXNativeTarget "CircleiOSUITests" */;
			buildPhases = (
				6F9264B52D9747C300539893 /* Sources */,
				6F9264B62D9747C300539893 /* Frameworks */,
				6F9264B72D9747C300539893 /* Resources */,
			);
			buildRules = (
			);
			dependencies = (
				6F9264BB2D9747C300539893 /* PBXTargetDependency */,
			);
			name = CircleiOSUITests;
			productName = CircleiOSUITests;
			productReference = 6F9264B92D9747C300539893 /* CircleiOSUITests.xctest */;
			productType = "com.apple.product-type.bundle.ui-testing";
		};
/* End PBXNativeTarget section */

/* Begin PBXProject section */
		6F92648E2D9747BB00539893 /* Project object */ = {
			isa = PBXProject;
			attributes = {
				BuildIndependentTargetsInParallel = 1;
				LastSwiftUpdateCheck = 1330;
				LastUpgradeCheck = 1330;
				TargetAttributes = {
					6F9264952D9747BB00539893 = {
						CreatedOnToolsVersion = 13.3;
					};
					6F9264AE2D9747C300539893 = {
						CreatedOnToolsVersion = 13.3;
						TestTargetID = 6F9264952D9747BB00539893;
					};
					6F9264B82D9747C300539893 = {
						CreatedOnToolsVersion = 13.3;
						TestTargetID = 6F9264952D9747BB00539893;
					};
				};
			};
			buildConfigurationList = 6F9264912D9747BB00539893 /* Build configuration list for PBXProject "CircleiOS" */;
			compatibilityVersion = "Xcode 13.0";
			developmentRegion = en;
			hasScannedForEncodings = 0;
			knownRegions = (
				en,
				Base,
			);
			mainGroup = 6F92648D2D9747BB00539893;
			productRefGroup = 6F9264972D9747BB00539893 /* Products */;
			projectDirPath = "";
			projectRoot = "";
			targets = (
				6F9264952D9747BB00539893 /* CircleiOS */,
				6F9264AE2D9747C300539893 /* CircleiOSTests */,
				6F9264B82D9747C300539893 /* CircleiOSUITests */,
			);
		};
/* End PBXProject section */

/* Begin PBXResourcesBuildPhase section */
		6F9264942D9747BB00539893 /* Resources */ = {
			isa = PBXResourcesBuildPhase;
			buildActionMask = 2147483647;
			files = (
				6F9264A92D9747C200539893 /* LaunchScreen.storyboard in Resources */,
				6F9264A62D9747C200539893 /* Assets.xcassets in Resources */,
				6F9264A12D9747BB00539893 /* Main.storyboard in Resources */,
			);
			runOnlyForDeploymentPostprocessing = 0;
		};
		6F9264AD2D9747C300539893 /* Resources */ = {
			isa = PBXResourcesBuildPhase;
			buildActionMask = 2147483647;
			files = (
			);
			runOnlyForDeploymentPostprocessing = 0;
		};
		6F9264B72D9747C300539893 /* Resources */ = {
			isa = PBXResourcesBuildPhase;
			buildActionMask = 2147483647;
			files = (
			);
			runOnlyForDeploymentPostprocessing = 0;
		};
/* End PBXResourcesBuildPhase section */

/* Begin PBXSourcesBuildPhase section */
		6F9264922D9747BB00539893 /* Sources */ = {
			isa = PBXSourcesBuildPhase;
			buildActionMask = 2147483647;
			files = (
				6F92649E2D9747BB00539893 /* ViewController.swift in Sources */,
				6F92649A2D9747BB00539893 /* AppDelegate.swift in Sources */,
				6F92649C2D9747BB00539893 /* SceneDelegate.swift in Sources */,
				6F9264A42D9747BB00539893 /* CircleiOS.xcdatamodeld in Sources */,
			);
			runOnlyForDeploymentPostprocessing = 0;
		};
		6F9264AB2D9747C300539893 /* Sources */ = {
			isa = PBXSourcesBuildPhase;
			buildActionMask = 2147483647;
			files = (
				6F9264B42D9747C300539893 /* CircleiOSTests.swift in Sources */,
			);
			runOnlyForDeploymentPostprocessing = 0;
		};
		6F9264B52D9747C300539893 /* Sources */ = {
			isa = PBXSourcesBuildPhase;
			buildActionMask = 2147483647;
			files = (
				6F9264C02D9747C300539893 /* CircleiOSUITestsLaunchTests.swift in Sources */,
				6F9264BE2D9747C300539893 /* CircleiOSUITests.swift in Sources */,
			);
			runOnlyForDeploymentPostprocessing = 0;
		};
/* End PBXSourcesBuildPhase section */

/* Begin PBXTargetDependency section */
		6F9264B12D9747C300539893 /* PBXTargetDependency */ = {
			isa = PBXTargetDependency;
			target = 6F9264952D9747BB00539893 /* CircleiOS */;
			targetProxy = 6F9264B02D9747C300539893 /* PBXContainerItemProxy */;
		};
		6F9264BB2D9747C300539893 /* PBXTargetDependency */ = {
			isa = PBXTargetDependency;
			target = 6F9264952D9747BB00539893 /* CircleiOS */;
			targetProxy = 6F9264BA2D9747C300539893 /* PBXContainerItemProxy */;
		};
/* End PBXTargetDependency section */

/* Begin PBXVariantGroup section */
		6F92649F2D9747BB00539893 /* Main.storyboard */ = {
			isa = PBXVariantGroup;
			children = (
				6F9264A02D9747BB00539893 /* Base */,
			);
			name = Main.storyboard;
			sourceTree = "<group>";
		};
		6F9264A72D9747C200539893 /* LaunchScreen.storyboard */ = {
			isa = PBXVariantGroup;
			children = (
				6F9264A82D9747C200539893 /* Base */,
			);
			name = LaunchScreen.storyboard;
			sourceTree = "<group>";
		};
/* End PBXVariantGroup section */

/* Begin XCBuildConfiguration section */
		6F9264C12D9747C300539893 /* Debug */ = {
			isa = XCBuildConfiguration;
			buildSettings = {
				ALWAYS_SEARCH_USER_PATHS = NO;
				CLANG_ANALYZER_NONNULL = YES;
				CLANG_ANALYZER_NUMBER_OBJECT_CONVERSION = YES_AGGRESSIVE;
				CLANG_CXX_LANGUAGE_STANDARD = "gnu++17";
				CLANG_ENABLE_MODULES = YES;
				CLANG_ENABLE_OBJC_ARC = YES;
				CLANG_ENABLE_OBJC_WEAK = YES;
				CLANG_WARN_BLOCK_CAPTURE_AUTORELEASING = YES;
				CLANG_WARN_BOOL_CONVERSION = YES;
				CLANG_WARN_COMMA = YES;
				CLANG_WARN_CONSTANT_CONVERSION = YES;
				CLANG_WARN_DEPRECATED_OBJC_IMPLEMENTATIONS = YES;
				CLANG_WARN_DIRECT_OBJC_ISA_USAGE = YES_ERROR;
				CLANG_WARN_DOCUMENTATION_COMMENTS = YES;
				CLANG_WARN_EMPTY_BODY = YES;
				CLANG_WARN_ENUM_CONVERSION = YES;
				CLANG_WARN_INFINITE_RECURSION = YES;
				CLANG_WARN_INT_CONVERSION = YES;
				CLANG_WARN_NON_LITERAL_NULL_CONVERSION = YES;
				CLANG_WARN_OBJC_IMPLICIT_RETAIN_SELF = YES;
				CLANG_WARN_OBJC_LITERAL_CONVERSION = YES;
				CLANG_WARN_OBJC_ROOT_CLASS = YES_ERROR;
				CLANG_WARN_QUOTED_INCLUDE_IN_FRAMEWORK_HEADER = YES;
				CLANG_WARN_RANGE_LOOP_ANALYSIS = YES;
				CLANG_WARN_STRICT_PROTOTYPES = YES;
				CLANG_WARN_SUSPICIOUS_MOVE = YES;
				CLANG_WARN_UNGUARDED_AVAILABILITY = YES_AGGRESSIVE;
				CLANG_WARN_UNREACHABLE_CODE = YES;
				CLANG_WARN__DUPLICATE_METHOD_MATCH = YES;
				COPY_PHASE_STRIP = NO;
				DEBUG_INFORMATION_FORMAT = dwarf;
				ENABLE_STRICT_OBJC_MSGSEND = YES;
				ENABLE_TESTABILITY = YES;
				GCC_C_LANGUAGE_STANDARD = gnu11;
				GCC_DYNAMIC_NO_PIC = NO;
				GCC_NO_COMMON_BLOCKS = YES;
				GCC_OPTIMIZATION_LEVEL = 0;
				GCC_PREPROCESSOR_DEFINITIONS = (
					"DEBUG=1",
					"$(inherited)",
				);
				GCC_WARN_64_TO_32_BIT_CONVERSION = YES;
				GCC_WARN_ABOUT_RETURN_TYPE = YES_ERROR;
				GCC_WARN_UNDECLARED_SELECTOR = YES;
				GCC_WARN_UNINITIALIZED_AUTOS = YES_AGGRESSIVE;
				GCC_WARN_UNUSED_FUNCTION = YES;
				GCC_WARN_UNUSED_VARIABLE = YES;
				IPHONEOS_DEPLOYMENT_TARGET = 15.4;
				MTL_ENABLE_DEBUG_INFO = INCLUDE_SOURCE;
				MTL_FAST_MATH = YES;
				ONLY_ACTIVE_ARCH = YES;
				SDKROOT = iphoneos;
				SWIFT_ACTIVE_COMPILATION_CONDITIONS = DEBUG;
				SWIFT_OPTIMIZATION_LEVEL = "-Onone";
			};
			name = Debug;
		};
		6F9264C22D9747C300539893 /* Release */ = {
			isa = XCBuildConfiguration;
			buildSettings = {
				ALWAYS_SEARCH_USER_PATHS = NO;
				CLANG_ANALYZER_NONNULL = YES;
				CLANG_ANALYZER_NUMBER_OBJECT_CONVERSION = YES_AGGRESSIVE;
				CLANG_CXX_LANGUAGE_STANDARD = "gnu++17";
				CLANG_ENABLE_MODULES = YES;
				CLANG_ENABLE_OBJC_ARC = YES;
				CLANG_ENABLE_OBJC_WEAK = YES;
				CLANG_WARN_BLOCK_CAPTURE_AUTORELEASING = YES;
				CLANG_WARN_BOOL_CONVERSION = YES;
				CLANG_WARN_COMMA = YES;
				CLANG_WARN_CONSTANT_CONVERSION = YES;
				CLANG_WARN_DEPRECATED_OBJC_IMPLEMENTATIONS = YES;
				CLANG_WARN_DIRECT_OBJC_ISA_USAGE = YES_ERROR;
				CLANG_WARN_DOCUMENTATION_COMMENTS = YES;
				CLANG_WARN_EMPTY_BODY = YES;
				CLANG_WARN_ENUM_CONVERSION = YES;
				CLANG_WARN_INFINITE_RECURSION = YES;
				CLANG_WARN_INT_CONVERSION = YES;
				CLANG_WARN_NON_LITERAL_NULL_CONVERSION = YES;
				CLANG_WARN_OBJC_IMPLICIT_RETAIN_SELF = YES;
				CLANG_WARN_OBJC_LITERAL_CONVERSION = YES;
				CLANG_WARN_OBJC_ROOT_CLASS = YES_ERROR;
				CLANG_WARN_QUOTED_INCLUDE_IN_FRAMEWORK_HEADER = YES;
				CLANG_WARN_RANGE_LOOP_ANALYSIS = YES;
				CLANG_WARN_STRICT_PROTOTYPES = YES;
				CLANG_WARN_SUSPICIOUS_MOVE = YES;
				CLANG_WARN_UNGUARDED_AVAILABILITY = YES_AGGRESSIVE;
				CLANG_WARN_UNREACHABLE_CODE = YES;
				CLANG_WARN__DUPLICATE_METHOD_MATCH = YES;
				COPY_PHASE_STRIP = NO;
				DEBUG_INFORMATION_FORMAT = "dwarf-with-dsym";
				ENABLE_NS_ASSERTIONS = NO;
				ENABLE_STRICT_OBJC_MSGSEND = YES;
				GCC_C_LANGUAGE_STANDARD = gnu11;
				GCC_NO_COMMON_BLOCKS = YES;
				GCC_WARN_64_TO_32_BIT_CONVERSION = YES;
				GCC_WARN_ABOUT_RETURN_TYPE = YES_ERROR;
				GCC_WARN_UNDECLARED_SELECTOR = YES;
				GCC_WARN_UNINITIALIZED_AUTOS = YES_AGGRESSIVE;
				GCC_WARN_UNUSED_FUNCTION = YES;
				GCC_WARN_UNUSED_VARIABLE = YES;
				IPHONEOS_DEPLOYMENT_TARGET = 15.4;
				MTL_ENABLE_DEBUG_INFO = NO;
				MTL_FAST_MATH = YES;
				SDKROOT = iphoneos;
				SWIFT_COMPILATION_MODE = wholemodule;
				SWIFT_OPTIMIZATION_LEVEL = "-O";
				VALIDATE_PRODUCT = YES;
			};
			name = Release;
		};
		6F9264C42D9747C300539893 /* Debug */ = {
			isa = XCBuildConfiguration;
			buildSettings = {
				ASSETCATALOG_COMPILER_APPICON_NAME = AppIcon;
				ASSETCATALOG_COMPILER_GLOBAL_ACCENT_COLOR_NAME = AccentColor;
				CODE_SIGN_STYLE = Automatic;
				CURRENT_PROJECT_VERSION = 1;
				DEVELOPMENT_TEAM = Z59384F7VN;
				GENERATE_INFOPLIST_FILE = YES;
				INFOPLIST_FILE = CircleiOS/Info.plist;
				INFOPLIST_KEY_UIApplicationSupportsIndirectInputEvents = YES;
				INFOPLIST_KEY_UILaunchStoryboardName = LaunchScreen;
				INFOPLIST_KEY_UIMainStoryboardFile = Main;
				INFOPLIST_KEY_UISupportedInterfaceOrientations_iPad = "UIInterfaceOrientationPortrait UIInterfaceOrientationPortraitUpsideDown UIInterfaceOrientationLandscapeLeft UIInterfaceOrientationLandscapeRight";
				INFOPLIST_KEY_UISupportedInterfaceOrientations_iPhone = "UIInterfaceOrientationPortrait UIInterfaceOrientationLandscapeLeft UIInterfaceOrientationLandscapeRight";
				LD_RUNPATH_SEARCH_PATHS = (
					"$(inherited)",
					"@executable_path/Frameworks",
				);
				MARKETING_VERSION = 1.0;
				PRODUCT_BUNDLE_IDENTIFIER = "-17577610.CircleiOS";
				PRODUCT_NAME = "$(TARGET_NAME)";
				SWIFT_EMIT_LOC_STRINGS = YES;
				SWIFT_VERSION = 5.0;
				TARGETED_DEVICE_FAMILY = "1,2";
			};
			name = Debug;
		};
		6F9264C52D9747C300539893 /* Release */ = {
			isa = XCBuildConfiguration;
			buildSettings = {
				ASSETCATALOG_COMPILER_APPICON_NAME = AppIcon;
				ASSETCATALOG_COMPILER_GLOBAL_ACCENT_COLOR_NAME = AccentColor;
				CODE_SIGN_STYLE = Automatic;
				CURRENT_PROJECT_VERSION = 1;
				DEVELOPMENT_TEAM = Z59384F7VN;
				GENERATE_INFOPLIST_FILE = YES;
				INFOPLIST_FILE = CircleiOS/Info.plist;
				INFOPLIST_KEY_UIApplicationSupportsIndirectInputEvents = YES;
				INFOPLIST_KEY_UILaunchStoryboardName = LaunchScreen;
				INFOPLIST_KEY_UIMainStoryboardFile = Main;
				INFOPLIST_KEY_UISupportedInterfaceOrientations_iPad = "UIInterfaceOrientationPortrait UIInterfaceOrientationPortraitUpsideDown UIInterfaceOrientationLandscapeLeft UIInterfaceOrientationLandscapeRight";
				INFOPLIST_KEY_UISupportedInterfaceOrientations_iPhone = "UIInterfaceOrientationPortrait UIInterfaceOrientationLandscapeLeft UIInterfaceOrientationLandscapeRight";
				LD_RUNPATH_SEARCH_PATHS = (
					"$(inherited)",
					"@executable_path/Frameworks",
				);
				MARKETING_VERSION = 1.0;
				PRODUCT_BUNDLE_IDENTIFIER = "-17577610.CircleiOS";
				PRODUCT_NAME = "$(TARGET_NAME)";
				SWIFT_EMIT_LOC_STRINGS = YES;
				SWIFT_VERSION = 5.0;
				TARGETED_DEVICE_FAMILY = "1,2";
			};
			name = Release;
		};
		6F9264C72D9747C300539893 /* Debug */ = {
			isa = XCBuildConfiguration;
			buildSettings = {
				ALWAYS_EMBED_SWIFT_STANDARD_LIBRARIES = YES;
				BUNDLE_LOADER = "$(TEST_HOST)";
				CODE_SIGN_STYLE = Automatic;
				CURRENT_PROJECT_VERSION = 1;
				DEVELOPMENT_TEAM = Z59384F7VN;
				GENERATE_INFOPLIST_FILE = YES;
				IPHONEOS_DEPLOYMENT_TARGET = 15.4;
				MARKETING_VERSION = 1.0;
				PRODUCT_BUNDLE_IDENTIFIER = "-17577610.CircleiOSTests";
				PRODUCT_NAME = "$(TARGET_NAME)";
				SWIFT_EMIT_LOC_STRINGS = NO;
				SWIFT_VERSION = 5.0;
				TARGETED_DEVICE_FAMILY = "1,2";
				TEST_HOST = "$(BUILT_PRODUCTS_DIR)/CircleiOS.app/CircleiOS";
			};
			name = Debug;
		};
		6F9264C82D9747C300539893 /* Release */ = {
			isa = XCBuildConfiguration;
			buildSettings = {
				ALWAYS_EMBED_SWIFT_STANDARD_LIBRARIES = YES;
				BUNDLE_LOADER = "$(TEST_HOST)";
				CODE_SIGN_STYLE = Automatic;
				CURRENT_PROJECT_VERSION = 1;
				DEVELOPMENT_TEAM = Z59384F7VN;
				GENERATE_INFOPLIST_FILE = YES;
				IPHONEOS_DEPLOYMENT_TARGET = 15.4;
				MARKETING_VERSION = 1.0;
				PRODUCT_BUNDLE_IDENTIFIER = "-17577610.CircleiOSTests";
				PRODUCT_NAME = "$(TARGET_NAME)";
				SWIFT_EMIT_LOC_STRINGS = NO;
				SWIFT_VERSION = 5.0;
				TARGETED_DEVICE_FAMILY = "1,2";
				TEST_HOST = "$(BUILT_PRODUCTS_DIR)/CircleiOS.app/CircleiOS";
			};
			name = Release;
		};
		6F9264CA2D9747C300539893 /* Debug */ = {
			isa = XCBuildConfiguration;
			buildSettings = {
				ALWAYS_EMBED_SWIFT_STANDARD_LIBRARIES = YES;
				CODE_SIGN_STYLE = Automatic;
				CURRENT_PROJECT_VERSION = 1;
				DEVELOPMENT_TEAM = Z59384F7VN;
				GENERATE_INFOPLIST_FILE = YES;
				MARKETING_VERSION = 1.0;
				PRODUCT_BUNDLE_IDENTIFIER = "-17577610.CircleiOSUITests";
				PRODUCT_NAME = "$(TARGET_NAME)";
				SWIFT_EMIT_LOC_STRINGS = NO;
				SWIFT_VERSION = 5.0;
				TARGETED_DEVICE_FAMILY = "1,2";
				TEST_TARGET_NAME = CircleiOS;
			};
			name = Debug;
		};
		6F9264CB2D9747C300539893 /* Release */ = {
			isa = XCBuildConfiguration;
			buildSettings = {
				ALWAYS_EMBED_SWIFT_STANDARD_LIBRARIES = YES;
				CODE_SIGN_STYLE = Automatic;
				CURRENT_PROJECT_VERSION = 1;
				DEVELOPMENT_TEAM = Z59384F7VN;
				GENERATE_INFOPLIST_FILE = YES;
				MARKETING_VERSION = 1.0;
				PRODUCT_BUNDLE_IDENTIFIER = "-17577610.CircleiOSUITests";
				PRODUCT_NAME = "$(TARGET_NAME)";
				SWIFT_EMIT_LOC_STRINGS = NO;
				SWIFT_VERSION = 5.0;
				TARGETED_DEVICE_FAMILY = "1,2";
				TEST_TARGET_NAME = CircleiOS;
			};
			name = Release;
		};
/* End XCBuildConfiguration section */

/* Begin XCConfigurationList section */
		6F9264912D9747BB00539893 /* Build configuration list for PBXProject "CircleiOS" */ = {
			isa = XCConfigurationList;
			buildConfigurations = (
				6F9264C12D9747C300539893 /* Debug */,
				6F9264C22D9747C300539893 /* Release */,
			);
			defaultConfigurationIsVisible = 0;
			defaultConfigurationName = Release;
		};
		6F9264C32D9747C300539893 /* Build configuration list for PBXNativeTarget "CircleiOS" */ = {
			isa = XCConfigurationList;
			buildConfigurations = (
				6F9264C42D9747C300539893 /* Debug */,
				6F9264C52D9747C300539893 /* Release */,
			);
			defaultConfigurationIsVisible = 0;
			defaultConfigurationName = Release;
		};
		6F9264C62D9747C300539893 /* Build configuration list for PBXNativeTarget "CircleiOSTests" */ = {
			isa = XCConfigurationList;
			buildConfigurations = (
				6F9264C72D9747C300539893 /* Debug */,
				6F9264C82D9747C300539893 /* Release */,
			);
			defaultConfigurationIsVisible = 0;
			defaultConfigurationName = Release;
		};
		6F9264C92D9747C300539893 /* Build configuration list for PBXNativeTarget "CircleiOSUITests" */ = {
			isa = XCConfigurationList;
			buildConfigurations = (
				6F9264CA2D9747C300539893 /* Debug */,
				6F9264CB2D9747C300539893 /* Release */,
			);
			defaultConfigurationIsVisible = 0;
			defaultConfigurationName = Release;
		};
/* End XCConfigurationList section */

/* Begin XCVersionGroup section */
		6F9264A22D9747BB00539893 /* CircleiOS.xcdatamodeld */ = {
			isa = XCVersionGroup;
			children = (
				6F9264A32D9747BB00539893 /* CircleiOS.xcdatamodel */,
			);
			currentVersion = 6F9264A32D9747BB00539893 /* CircleiOS.xcdatamodel */;
			path = CircleiOS.xcdatamodeld;
			sourceTree = "<group>";
			versionGroupType = wrapper.xcdatamodel;
		};
/* End XCVersionGroup section */
	};
	rootObject = 6F92648E2D9747BB00539893 /* Project object */;
}
